
Microsoft Visual Studio Solution File, Format Version 12.00
# Visual Studio Version 16
VisualStudioVersion = 16.0.30621.155
MinimumVisualStudioVersion = 10.0.40219.1
Project("{9A19103F-16F7-4668-BE54-9A1E7A4F7556}") = "MapViewer", "MapViewer.csproj", "{65ACF067-A49D-49C6-BF01-BA868B5B6BA6}"
EndProject
Global
	GlobalSection(SolutionConfigurationPlatforms) = preSolution
		Debug|Any CPU = Debug|Any CPU
		Release|Any CPU = Release|Any CPU
	EndGlobalSection
	GlobalSection(ProjectConfigurationPlatforms) = postSolution
		{65ACF067-A49D-49C6-BF01-BA868B5B6BA6}.Debug|Any CPU.ActiveCfg = Debug|Any CPU
		{65ACF067-A49D-49C6-BF01-BA868B5B6BA6}.Debug|Any CPU.Build.0 = Debug|Any CPU
		{65ACF067-A49D-49C6-BF01-BA868B5B6BA6}.Release|Any CPU.ActiveCfg = Release|Any CPU
		{65ACF067-A49D-49C6-BF01-BA868B5B6BA6}.Release|Any CPU.Build.0 = Release|Any CPU
	EndGlobalSection
	GlobalSection(SolutionProperties) = preSolution
		HideSolutionNode = FALSE
	EndGlobalSection
	GlobalSection(ExtensibilityGlobals) = postSolution
		SolutionGuid = {C13104EF-2C66-42B1-94B0-8A0010EE4D64}
	EndGlobalSection
EndGlobal
